
Microsoft Visual Studio Solution File, Format Version 12.00
# Visual Studio 15
VisualStudioVersion = 15.0.27703.2042
MinimumVisualStudioVersion = 10.0.40219.1
Project("{FAE04EC0-301F-11D3-BF4B-00C04F79EFBC}") = "WebApplication1", "WebApplication1\WebApplication1.csproj", "{325A9062-2B99-48A3-A9A8-3CDB59073BC0}"
EndProject
Global
	GlobalSection(SolutionConfigurationPlatforms) = preSolution
		Debug|Any CPU = Debug|Any CPU
		Release|Any CPU = Release|Any CPU
	EndGlobalSection
	GlobalSection(ProjectConfigurationPlatforms) = postSolution
		{325A9062-2B99-48A3-A9A8-3CDB59073BC0}.Debug|Any CPU.ActiveCfg = Debug|Any CPU
		{325A9062-2B99-48A3-A9A8-3CDB59073BC0}.Debug|Any CPU.Build.0 = Debug|Any CPU
		{325A9062-2B99-48A3-A9A8-3CDB59073BC0}.Release|Any CPU.ActiveCfg = Release|Any CPU
		{325A9062-2B99-48A3-A9A8-3CDB59073BC0}.Release|Any CPU.Build.0 = Release|Any CPU
	EndGlobalSection
	GlobalSection(SolutionProperties) = preSolution
		HideSolutionNode = FALSE
	EndGlobalSection
	GlobalSection(ExtensibilityGlobals) = postSolution
		SolutionGuid = {7A411CCF-DD31-4918-BCB5-F1B1A614EFEA}
	EndGlobalSection
EndGlobal
